
Microsoft Visual Studio Solution File, Format Version 12.00
# Visual Studio 2012
Project("{FAE04EC0-301F-11D3-BF4B-00C04F79EFBC}") = "AutoKennisWeb", "AutoKennisWeb\AutoKennisWeb.csproj", "{BAAF3283-A1FB-4FC2-ABA7-D370DEF89F4B}"
EndProject
Global
	GlobalSection(SolutionConfigurationPlatforms) = preSolution
		Debug|Any CPU = Debug|Any CPU
		Release|Any CPU = Release|Any CPU
	EndGlobalSection
	GlobalSection(ProjectConfigurationPlatforms) = postSolution
		{BAAF3283-A1FB-4FC2-ABA7-D370DEF89F4B}.Debug|Any CPU.ActiveCfg = Debug|Any CPU
		{BAAF3283-A1FB-4FC2-ABA7-D370DEF89F4B}.Debug|Any CPU.Build.0 = Debug|Any CPU
		{BAAF3283-A1FB-4FC2-ABA7-D370DEF89F4B}.Release|Any CPU.ActiveCfg = Release|Any CPU
		{BAAF3283-A1FB-4FC2-ABA7-D370DEF89F4B}.Release|Any CPU.Build.0 = Release|Any CPU
	EndGlobalSection
	GlobalSection(MonoDevelopProperties) = preSolution
		Policies = $0
		$0.VersionControlPolicy = $1
		$1.inheritsSet = Mono
	EndGlobalSection
EndGlobal
